{
  "name": "reqenc-edge",
  "version": "1.0.0",
  "lockfileVersion": 3,
  "requires": true,
  "packages": {
    "": {
      "name": "reqenc-edge",
      "version": "1.0.0",
      "license": "MIT",
      "dependencies": {
        "reqenc-edge": "^1.0.0"
      },
      "devDependencies": {
        "typescript": "^5.3.3"
      },
      "engines": {
        "node": ">=16.0.0"
      }
    },
    "node_modules/reqenc-edge": {
      "version": "1.0.0",
      "resolved": "https://registry.npmjs.org/reqenc-edge/-/reqenc-edge-1.0.0.tgz",
      "integrity": "sha512-MmcjSpa09RwBGFVbJEqLbJy9tfKI7suIkXNeehDF9vR7haBskSkMdXGg4fn56U1E49bJL1wb4S+1JkJlnKS+JQ==",
      "license": "MIT",
      "engines": {
        "node": ">=16.0.0"
      }
    },
    "node_modules/typescript": {
      "version": "5.9.3",
      "resolved": "https://registry.npmjs.org/typescript/-/typescript-5.9.3.tgz",
      "integrity": "sha512-jl1vZzPDinLr9eUt3J/t7V6FgNEw9QjvBPdysz9KfQDD41fQrC2Y4vKQdiaUpFT4bXlb1RHhLpp8wtm6M5TgSw==",
      "dev": true,
      "license": "Apache-2.0",
      "bin": {
        "tsc": "bin/tsc",
        "tsserver": "bin/tsserver"
      },
      "engines": {
        "node": ">=14.17"
      }
    }
  }
}
